
Microsoft Visual Studio Solution File, Format Version 12.00
# Visual Studio 2013
VisualStudioVersion = 12.0.31101.0
MinimumVisualStudioVersion = 10.0.40219.1
Project("{FAE04EC0-301F-11D3-BF4B-00C04F79EFBC}") = "IISLogDowload", "IISLogDowload\IISLogDowload.csproj", "{2C6DB15F-C6C3-4EF8-88BE-82160B05157D}"
EndProject
Project("{FAE04EC0-301F-11D3-BF4B-00C04F79EFBC}") = "Extractor", "Extractor\Extractor.csproj", "{7BC5E978-63F6-4237-8C04-F72BCFAB9A06}"
EndProject
Global
	GlobalSection(SolutionConfigurationPlatforms) = preSolution
		Debug|Any CPU = Debug|Any CPU
		Release|Any CPU = Release|Any CPU
	EndGlobalSection
	GlobalSection(ProjectConfigurationPlatforms) = postSolution
		{2C6DB15F-C6C3-4EF8-88BE-82160B05157D}.Debug|Any CPU.ActiveCfg = Debug|Any CPU
		{2C6DB15F-C6C3-4EF8-88BE-82160B05157D}.Debug|Any CPU.Build.0 = Debug|Any CPU
		{2C6DB15F-C6C3-4EF8-88BE-82160B05157D}.Release|Any CPU.ActiveCfg = Release|Any CPU
		{2C6DB15F-C6C3-4EF8-88BE-82160B05157D}.Release|Any CPU.Build.0 = Release|Any CPU
		{7BC5E978-63F6-4237-8C04-F72BCFAB9A06}.Debug|Any CPU.ActiveCfg = Debug|Any CPU
		{7BC5E978-63F6-4237-8C04-F72BCFAB9A06}.Debug|Any CPU.Build.0 = Debug|Any CPU
		{7BC5E978-63F6-4237-8C04-F72BCFAB9A06}.Release|Any CPU.ActiveCfg = Release|Any CPU
		{7BC5E978-63F6-4237-8C04-F72BCFAB9A06}.Release|Any CPU.Build.0 = Release|Any CPU
	EndGlobalSection
	GlobalSection(SolutionProperties) = preSolution
		HideSolutionNode = FALSE
	EndGlobalSection
EndGlobal
